// !$*UTF8*$!
{
	archiveVersion = 1;
	classes = {
	};
	objectVersion = 51;
	objects = {

/* Begin PBXBuildFile section */
		295C48FCFFF8C5B6026A5165 /* Pods_ContactsAppTests.framework in Frameworks */ = {isa = PBXBuildFile; fileRef = 6D3DF7F82B1A303202539E7F /* Pods_ContactsAppTests.framework */; };
		2EC643BA24F5A74100EB1F46 /* AppDelegate.swift in Sources */ = {isa = PBXBuildFile; fileRef = 2EC643B924F5A74100EB1F46 /* AppDelegate.swift */; };
		2EC643BC24F5A74100EB1F46 /* SceneDelegate.swift in Sources */ = {isa = PBXBuildFile; fileRef = 2EC643BB24F5A74100EB1F46 /* SceneDelegate.swift */; };
		2EC643C124F5A74100EB1F46 /* Main.storyboard in Resources */ = {isa = PBXBuildFile; fileRef = 2EC643BF24F5A74100EB1F46 /* Main.storyboard */; };
		2EC643C324F5A74200EB1F46 /* Assets.xcassets in Resources */ = {isa = PBXBuildFile; fileRef = 2EC643C224F5A74200EB1F46 /* Assets.xcassets */; };
		2EC643C624F5A74200EB1F46 /* LaunchScreen.storyboard in Resources */ = {isa = PBXBuildFile; fileRef = 2EC643C424F5A74200EB1F46 /* LaunchScreen.storyboard */; };
		2EC643D124F5A74300EB1F46 /* ContactsAppTests.swift in Sources */ = {isa = PBXBuildFile; fileRef = 2EC643D024F5A74300EB1F46 /* ContactsAppTests.swift */; };
		2EC643E724F5A81600EB1F46 /* ContactsListViewController.swift in Sources */ = {isa = PBXBuildFile; fileRef = 2EC643E624F5A81600EB1F46 /* ContactsListViewController.swift */; };
		2EC643E824F5A81600EB1F46 /* ContactsListViewController.swift in Sources */ = {isa = PBXBuildFile; fileRef = 2EC643E624F5A81600EB1F46 /* ContactsListViewController.swift */; };
		2EC643EA24F5A82200EB1F46 /* ContactDetailViewController.swift in Sources */ = {isa = PBXBuildFile; fileRef = 2EC643E924F5A82200EB1F46 /* ContactDetailViewController.swift */; };
		2EC643EB24F5A82200EB1F46 /* ContactDetailViewController.swift in Sources */ = {isa = PBXBuildFile; fileRef = 2EC643E924F5A82200EB1F46 /* ContactDetailViewController.swift */; };
		2EC643ED24F5A83600EB1F46 /* ContactPermissionViewController.swift in Sources */ = {isa = PBXBuildFile; fileRef = 2EC643EC24F5A83600EB1F46 /* ContactPermissionViewController.swift */; };
		2EC643EE24F5A83600EB1F46 /* ContactPermissionViewController.swift in Sources */ = {isa = PBXBuildFile; fileRef = 2EC643EC24F5A83600EB1F46 /* ContactPermissionViewController.swift */; };
		2EC643F124F5A8EA00EB1F46 /* InitialViewController.swift in Sources */ = {isa = PBXBuildFile; fileRef = 2EC643F024F5A8EA00EB1F46 /* InitialViewController.swift */; };
		2EC643F224F5A8EA00EB1F46 /* InitialViewController.swift in Sources */ = {isa = PBXBuildFile; fileRef = 2EC643F024F5A8EA00EB1F46 /* InitialViewController.swift */; };
		2EC643F424F5B5A300EB1F46 /* ContactsManager.swift in Sources */ = {isa = PBXBuildFile; fileRef = 2EC643F324F5B5A300EB1F46 /* ContactsManager.swift */; };
		2EC643F524F5B5A300EB1F46 /* ContactsManager.swift in Sources */ = {isa = PBXBuildFile; fileRef = 2EC643F324F5B5A300EB1F46 /* ContactsManager.swift */; };
		2EC643F724F5B5C100EB1F46 /* PermissionsManager.swift in Sources */ = {isa = PBXBuildFile; fileRef = 2EC643F624F5B5C100EB1F46 /* PermissionsManager.swift */; };
		2EC643F824F5B5C100EB1F46 /* PermissionsManager.swift in Sources */ = {isa = PBXBuildFile; fileRef = 2EC643F624F5B5C100EB1F46 /* PermissionsManager.swift */; };
		2EC643FB24F5B60F00EB1F46 /* ContactDetail.swift in Sources */ = {isa = PBXBuildFile; fileRef = 2EC643FA24F5B60F00EB1F46 /* ContactDetail.swift */; };
		2EC643FC24F5B60F00EB1F46 /* ContactDetail.swift in Sources */ = {isa = PBXBuildFile; fileRef = 2EC643FA24F5B60F00EB1F46 /* ContactDetail.swift */; };
		2EC643FE24F60E8D00EB1F46 /* ContactGroup.swift in Sources */ = {isa = PBXBuildFile; fileRef = 2EC643FD24F60E8D00EB1F46 /* ContactGroup.swift */; };
		2EC643FF24F60E8D00EB1F46 /* ContactGroup.swift in Sources */ = {isa = PBXBuildFile; fileRef = 2EC643FD24F60E8D00EB1F46 /* ContactGroup.swift */; };
		2EC6440224F6129400EB1F46 /* ContactSortType.swift in Sources */ = {isa = PBXBuildFile; fileRef = 2EC6440124F6129400EB1F46 /* ContactSortType.swift */; };
		2EC6440324F6129400EB1F46 /* ContactSortType.swift in Sources */ = {isa = PBXBuildFile; fileRef = 2EC6440124F6129400EB1F46 /* ContactSortType.swift */; };
		2EC6440524F614EC00EB1F46 /* ContactListItemCell.swift in Sources */ = {isa = PBXBuildFile; fileRef = 2EC6440424F614EC00EB1F46 /* ContactListItemCell.swift */; };
		2EC6440624F614EC00EB1F46 /* ContactListItemCell.swift in Sources */ = {isa = PBXBuildFile; fileRef = 2EC6440424F614EC00EB1F46 /* ContactListItemCell.swift */; };
		ACE86CCE8EDB0AE5B989C427 /* Pods_ContactsApp.framework in Frameworks */ = {isa = PBXBuildFile; fileRef = 0046E066DD6FFA5C547DDD3D /* Pods_ContactsApp.framework */; };
/* End PBXBuildFile section */

/* Begin PBXContainerItemProxy section */
		2EC643CD24F5A74300EB1F46 /* PBXContainerItemProxy */ = {
			isa = PBXContainerItemProxy;
			containerPortal = 2EC643AE24F5A74100EB1F46 /* Project object */;
			proxyType = 1;
			remoteGlobalIDString = 2EC643B524F5A74100EB1F46;
			remoteInfo = ContactsApp;
		};
/* End PBXContainerItemProxy section */

/* Begin PBXFileReference section */
		0046E066DD6FFA5C547DDD3D /* Pods_ContactsApp.framework */ = {isa = PBXFileReference; explicitFileType = wrapper.framework; includeInIndex = 0; path = Pods_ContactsApp.framework; sourceTree = BUILT_PRODUCTS_DIR; };
		084A5505079660883E56657B /* Pods-ContactsApp.debug.xcconfig */ = {isa = PBXFileReference; includeInIndex = 1; lastKnownFileType = text.xcconfig; name = "Pods-ContactsApp.debug.xcconfig"; path = "Target Support Files/Pods-ContactsApp/Pods-ContactsApp.debug.xcconfig"; sourceTree = "<group>"; };
		09792B0C11E3E11517C5E5CD /* Pods-ContactsAppTests.release.xcconfig */ = {isa = PBXFileReference; includeInIndex = 1; lastKnownFileType = text.xcconfig; name = "Pods-ContactsAppTests.release.xcconfig"; path = "Target Support Files/Pods-ContactsAppTests/Pods-ContactsAppTests.release.xcconfig"; sourceTree = "<group>"; };
		21F815EBDD9B4D2E4B010F47 /* Pods-ContactsApp.release.xcconfig */ = {isa = PBXFileReference; includeInIndex = 1; lastKnownFileType = text.xcconfig; name = "Pods-ContactsApp.release.xcconfig"; path = "Target Support Files/Pods-ContactsApp/Pods-ContactsApp.release.xcconfig"; sourceTree = "<group>"; };
		2EC643B624F5A74100EB1F46 /* ContactsApp.app */ = {isa = PBXFileReference; explicitFileType = wrapper.application; includeInIndex = 0; path = ContactsApp.app; sourceTree = BUILT_PRODUCTS_DIR; };
		2EC643B924F5A74100EB1F46 /* AppDelegate.swift */ = {isa = PBXFileReference; lastKnownFileType = sourcecode.swift; path = AppDelegate.swift; sourceTree = "<group>"; };
		2EC643BB24F5A74100EB1F46 /* SceneDelegate.swift */ = {isa = PBXFileReference; lastKnownFileType = sourcecode.swift; path = SceneDelegate.swift; sourceTree = "<group>"; };
		2EC643C024F5A74100EB1F46 /* Base */ = {isa = PBXFileReference; lastKnownFileType = file.storyboard; name = Base; path = Base.lproj/Main.storyboard; sourceTree = "<group>"; };
		2EC643C224F5A74200EB1F46 /* Assets.xcassets */ = {isa = PBXFileReference; lastKnownFileType = folder.assetcatalog; path = Assets.xcassets; sourceTree = "<group>"; };
		2EC643C524F5A74200EB1F46 /* Base */ = {isa = PBXFileReference; lastKnownFileType = file.storyboard; name = Base; path = Base.lproj/LaunchScreen.storyboard; sourceTree = "<group>"; };
		2EC643C724F5A74200EB1F46 /* Info.plist */ = {isa = PBXFileReference; lastKnownFileType = text.plist.xml; path = Info.plist; sourceTree = "<group>"; };
		2EC643CC24F5A74300EB1F46 /* ContactsAppTests.xctest */ = {isa = PBXFileReference; explicitFileType = wrapper.cfbundle; includeInIndex = 0; path = ContactsAppTests.xctest; sourceTree = BUILT_PRODUCTS_DIR; };
		2EC643D024F5A74300EB1F46 /* ContactsAppTests.swift */ = {isa = PBXFileReference; lastKnownFileType = sourcecode.swift; path = ContactsAppTests.swift; sourceTree = "<group>"; };
		2EC643D224F5A74300EB1F46 /* Info.plist */ = {isa = PBXFileReference; lastKnownFileType = text.plist.xml; path = Info.plist; sourceTree = "<group>"; };
		2EC643E624F5A81600EB1F46 /* ContactsListViewController.swift */ = {isa = PBXFileReference; lastKnownFileType = sourcecode.swift; path = ContactsListViewController.swift; sourceTree = "<group>"; };
		2EC643E924F5A82200EB1F46 /* ContactDetailViewController.swift */ = {isa = PBXFileReference; lastKnownFileType = sourcecode.swift; path = ContactDetailViewController.swift; sourceTree = "<group>"; };
		2EC643EC24F5A83600EB1F46 /* ContactPermissionViewController.swift */ = {isa = PBXFileReference; lastKnownFileType = sourcecode.swift; path = ContactPermissionViewController.swift; sourceTree = "<group>"; };
		2EC643F024F5A8EA00EB1F46 /* InitialViewController.swift */ = {isa = PBXFileReference; lastKnownFileType = sourcecode.swift; path = InitialViewController.swift; sourceTree = "<group>"; };
		2EC643F324F5B5A300EB1F46 /* ContactsManager.swift */ = {isa = PBXFileReference; lastKnownFileType = sourcecode.swift; path = ContactsManager.swift; sourceTree = "<group>"; };
		2EC643F624F5B5C100EB1F46 /* PermissionsManager.swift */ = {isa = PBXFileReference; lastKnownFileType = sourcecode.swift; path = PermissionsManager.swift; sourceTree = "<group>"; };
		2EC643FA24F5B60F00EB1F46 /* ContactDetail.swift */ = {isa = PBXFileReference; lastKnownFileType = sourcecode.swift; path = ContactDetail.swift; sourceTree = "<group>"; };
		2EC643FD24F60E8D00EB1F46 /* ContactGroup.swift */ = {isa = PBXFileReference; lastKnownFileType = sourcecode.swift; path = ContactGroup.swift; sourceTree = "<group>"; };
		2EC6440124F6129400EB1F46 /* ContactSortType.swift */ = {isa = PBXFileReference; lastKnownFileType = sourcecode.swift; path = ContactSortType.swift; sourceTree = "<group>"; };
		2EC6440424F614EC00EB1F46 /* ContactListItemCell.swift */ = {isa = PBXFileReference; lastKnownFileType = sourcecode.swift; path = ContactListItemCell.swift; sourceTree = "<group>"; };
		6D3DF7F82B1A303202539E7F /* Pods_ContactsAppTests.framework */ = {isa = PBXFileReference; explicitFileType = wrapper.framework; includeInIndex = 0; path = Pods_ContactsAppTests.framework; sourceTree = BUILT_PRODUCTS_DIR; };
		8529880078216A2095DFFE52 /* Pods-ContactsAppTests.debug.xcconfig */ = {isa = PBXFileReference; includeInIndex = 1; lastKnownFileType = text.xcconfig; name = "Pods-ContactsAppTests.debug.xcconfig"; path = "Target Support Files/Pods-ContactsAppTests/Pods-ContactsAppTests.debug.xcconfig"; sourceTree = "<group>"; };
/* End PBXFileReference section */

/* Begin PBXFrameworksBuildPhase section */
		2EC643B324F5A74100EB1F46 /* Frameworks */ = {
			isa = PBXFrameworksBuildPhase;
			buildActionMask = 2147483647;
			files = (
				ACE86CCE8EDB0AE5B989C427 /* Pods_ContactsApp.framework in Frameworks */,
			);
			runOnlyForDeploymentPostprocessing = 0;
		};
		2EC643C924F5A74300EB1F46 /* Frameworks */ = {
			isa = PBXFrameworksBuildPhase;
			buildActionMask = 2147483647;
			files = (
				295C48FCFFF8C5B6026A5165 /* Pods_ContactsAppTests.framework in Frameworks */,
			);
			runOnlyForDeploymentPostprocessing = 0;
		};
/* End PBXFrameworksBuildPhase section */

/* Begin PBXGroup section */
		2EC643AD24F5A74100EB1F46 = {
			isa = PBXGroup;
			children = (
				2EC643B824F5A74100EB1F46 /* ContactsApp */,
				2EC643CF24F5A74300EB1F46 /* ContactsAppTests */,
				2EC643B724F5A74100EB1F46 /* Products */,
				96CC2DA4A9767F09070E85EE /* Pods */,
				35D384A54E03245B04BE5566 /* Frameworks */,
			);
			sourceTree = "<group>";
		};
		2EC643B724F5A74100EB1F46 /* Products */ = {
			isa = PBXGroup;
			children = (
				2EC643B624F5A74100EB1F46 /* ContactsApp.app */,
				2EC643CC24F5A74300EB1F46 /* ContactsAppTests.xctest */,
			);
			name = Products;
			sourceTree = "<group>";
		};
		2EC643B824F5A74100EB1F46 /* ContactsApp */ = {
			isa = PBXGroup;
			children = (
				2EC643DB24F5A75300EB1F46 /* AppDelegate */,
				2EC643DF24F5A78500EB1F46 /* Assets */,
				2EC643E324F5A7D400EB1F46 /* Managers */,
				2EC643F924F5B5FD00EB1F46 /* Models */,
				2EC643DC24F5A76800EB1F46 /* Screens */,
				2EC643DE24F5A77B00EB1F46 /* Storyboards */,
				2EC643DD24F5A76F00EB1F46 /* SupportingFiles */,
				2EC6440024F6127000EB1F46 /* Utilities */,
			);
			path = ContactsApp;
			sourceTree = "<group>";
		};
		2EC643CF24F5A74300EB1F46 /* ContactsAppTests */ = {
			isa = PBXGroup;
			children = (
				2EC643D024F5A74300EB1F46 /* ContactsAppTests.swift */,
				2EC643D224F5A74300EB1F46 /* Info.plist */,
			);
			path = ContactsAppTests;
			sourceTree = "<group>";
		};
		2EC643DB24F5A75300EB1F46 /* AppDelegate */ = {
			isa = PBXGroup;
			children = (
				2EC643B924F5A74100EB1F46 /* AppDelegate.swift */,
				2EC643BB24F5A74100EB1F46 /* SceneDelegate.swift */,
			);
			path = AppDelegate;
			sourceTree = "<group>";
		};
		2EC643DC24F5A76800EB1F46 /* Screens */ = {
			isa = PBXGroup;
			children = (
				2EC643EF24F5A8C800EB1F46 /* Initial */,
				2EC643E224F5A7B900EB1F46 /* ContactPermission */,
				2EC643E124F5A7B300EB1F46 /* ContactDetail */,
				2EC643E024F5A7A700EB1F46 /* ContactsList */,
			);
			path = Screens;
			sourceTree = "<group>";
		};
		2EC643DD24F5A76F00EB1F46 /* SupportingFiles */ = {
			isa = PBXGroup;
			children = (
				2EC643C724F5A74200EB1F46 /* Info.plist */,
			);
			path = SupportingFiles;
			sourceTree = "<group>";
		};
		2EC643DE24F5A77B00EB1F46 /* Storyboards */ = {
			isa = PBXGroup;
			children = (
				2EC643BF24F5A74100EB1F46 /* Main.storyboard */,
				2EC643C424F5A74200EB1F46 /* LaunchScreen.storyboard */,
			);
			path = Storyboards;
			sourceTree = "<group>";
		};
		2EC643DF24F5A78500EB1F46 /* Assets */ = {
			isa = PBXGroup;
			children = (
				2EC643C224F5A74200EB1F46 /* Assets.xcassets */,
			);
			path = Assets;
			sourceTree = "<group>";
		};
		2EC643E024F5A7A700EB1F46 /* ContactsList */ = {
			isa = PBXGroup;
			children = (
				2EC643E624F5A81600EB1F46 /* ContactsListViewController.swift */,
				2EC6440424F614EC00EB1F46 /* ContactListItemCell.swift */,
			);
			path = ContactsList;
			sourceTree = "<group>";
		};
		2EC643E124F5A7B300EB1F46 /* ContactDetail */ = {
			isa = PBXGroup;
			children = (
				2EC643E924F5A82200EB1F46 /* ContactDetailViewController.swift */,
			);
			path = ContactDetail;
			sourceTree = "<group>";
		};
		2EC643E224F5A7B900EB1F46 /* ContactPermission */ = {
			isa = PBXGroup;
			children = (
				2EC643EC24F5A83600EB1F46 /* ContactPermissionViewController.swift */,
			);
			path = ContactPermission;
			sourceTree = "<group>";
		};
		2EC643E324F5A7D400EB1F46 /* Managers */ = {
			isa = PBXGroup;
			children = (
				2EC643F324F5B5A300EB1F46 /* ContactsManager.swift */,
				2EC643F624F5B5C100EB1F46 /* PermissionsManager.swift */,
			);
			path = Managers;
			sourceTree = "<group>";
		};
		2EC643EF24F5A8C800EB1F46 /* Initial */ = {
			isa = PBXGroup;
			children = (
				2EC643F024F5A8EA00EB1F46 /* InitialViewController.swift */,
			);
			path = Initial;
			sourceTree = "<group>";
		};
		2EC643F924F5B5FD00EB1F46 /* Models */ = {
			isa = PBXGroup;
			children = (
				2EC643FA24F5B60F00EB1F46 /* ContactDetail.swift */,
				2EC643FD24F60E8D00EB1F46 /* ContactGroup.swift */,
			);
			path = Models;
			sourceTree = "<group>";
		};
		2EC6440024F6127000EB1F46 /* Utilities */ = {
			isa = PBXGroup;
			children = (
				2EC6440124F6129400EB1F46 /* ContactSortType.swift */,
			);
			path = Utilities;
			sourceTree = "<group>";
		};
		35D384A54E03245B04BE5566 /* Frameworks */ = {
			isa = PBXGroup;
			children = (
				0046E066DD6FFA5C547DDD3D /* Pods_ContactsApp.framework */,
				6D3DF7F82B1A303202539E7F /* Pods_ContactsAppTests.framework */,
			);
			name = Frameworks;
			sourceTree = "<group>";
		};
		96CC2DA4A9767F09070E85EE /* Pods */ = {
			isa = PBXGroup;
			children = (
				084A5505079660883E56657B /* Pods-ContactsApp.debug.xcconfig */,
				21F815EBDD9B4D2E4B010F47 /* Pods-ContactsApp.release.xcconfig */,
				8529880078216A2095DFFE52 /* Pods-ContactsAppTests.debug.xcconfig */,
				09792B0C11E3E11517C5E5CD /* Pods-ContactsAppTests.release.xcconfig */,
			);
			path = Pods;
			sourceTree = "<group>";
		};
/* End PBXGroup section */

/* Begin PBXNativeTarget section */
		2EC643B524F5A74100EB1F46 /* ContactsApp */ = {
			isa = PBXNativeTarget;
			buildConfigurationList = 2EC643D524F5A74300EB1F46 /* Build configuration list for PBXNativeTarget "ContactsApp" */;
			buildPhases = (
				5A453DFDEED97AF576D374AA /* [CP] Check Pods Manifest.lock */,
				2EC643B224F5A74100EB1F46 /* Sources */,
				2EC643B324F5A74100EB1F46 /* Frameworks */,
				2EC643B424F5A74100EB1F46 /* Resources */,
				B28710D175A9C9924D8F07C7 /* [CP] Embed Pods Frameworks */,
			);
			buildRules = (
			);
			dependencies = (
			);
			name = ContactsApp;
			productName = ContactsApp;
			productReference = 2EC643B624F5A74100EB1F46 /* ContactsApp.app */;
			productType = "com.apple.product-type.application";
		};
		2EC643CB24F5A74300EB1F46 /* ContactsAppTests */ = {
			isa = PBXNativeTarget;
			buildConfigurationList = 2EC643D824F5A74300EB1F46 /* Build configuration list for PBXNativeTarget "ContactsAppTests" */;
			buildPhases = (
				B96FE695252BEFEBEE20A324 /* [CP] Check Pods Manifest.lock */,
				2EC643C824F5A74300EB1F46 /* Sources */,
				2EC643C924F5A74300EB1F46 /* Frameworks */,
				2EC643CA24F5A74300EB1F46 /* Resources */,
				5D53EE29077A5F58CB4FC8BF /* [CP] Embed Pods Frameworks */,
			);
			buildRules = (
			);
			dependencies = (
				2EC643CE24F5A74300EB1F46 /* PBXTargetDependency */,
			);
			name = ContactsAppTests;
			productName = ContactsAppTests;
			productReference = 2EC643CC24F5A74300EB1F46 /* ContactsAppTests.xctest */;
			productType = "com.apple.product-type.bundle.unit-test";
		};
/* End PBXNativeTarget section */

/* Begin PBXProject section */
		2EC643AE24F5A74100EB1F46 /* Project object */ = {
			isa = PBXProject;
			attributes = {
				LastSwiftUpdateCheck = 1150;
				LastUpgradeCheck = 1150;
				ORGANIZATIONNAME = Siroson;
				TargetAttributes = {
					2EC643B524F5A74100EB1F46 = {
						CreatedOnToolsVersion = 11.5;
					};
					2EC643CB24F5A74300EB1F46 = {
						CreatedOnToolsVersion = 11.5;
						TestTargetID = 2EC643B524F5A74100EB1F46;
					};
				};
			};
			buildConfigurationList = 2EC643B124F5A74100EB1F46 /* Build configuration list for PBXProject "ContactsApp" */;
			compatibilityVersion = "Xcode 9.3";
			developmentRegion = en;
			hasScannedForEncodings = 0;
			knownRegions = (
				en,
				Base,
			);
			mainGroup = 2EC643AD24F5A74100EB1F46;
			productRefGroup = 2EC643B724F5A74100EB1F46 /* Products */;
			projectDirPath = "";
			projectRoot = "";
			targets = (
				2EC643B524F5A74100EB1F46 /* ContactsApp */,
				2EC643CB24F5A74300EB1F46 /* ContactsAppTests */,
			);
		};
/* End PBXProject section */

/* Begin PBXResourcesBuildPhase section */
		2EC643B424F5A74100EB1F46 /* Resources */ = {
			isa = PBXResourcesBuildPhase;
			buildActionMask = 2147483647;
			files = (
				2EC643C624F5A74200EB1F46 /* LaunchScreen.storyboard in Resources */,
				2EC643C324F5A74200EB1F46 /* Assets.xcassets in Resources */,
				2EC643C124F5A74100EB1F46 /* Main.storyboard in Resources */,
			);
			runOnlyForDeploymentPostprocessing = 0;
		};
		2EC643CA24F5A74300EB1F46 /* Resources */ = {
			isa = PBXResourcesBuildPhase;
			buildActionMask = 2147483647;
			files = (
			);
			runOnlyForDeploymentPostprocessing = 0;
		};
/* End PBXResourcesBuildPhase section */

/* Begin PBXShellScriptBuildPhase section */
		5A453DFDEED97AF576D374AA /* [CP] Check Pods Manifest.lock */ = {
			isa = PBXShellScriptBuildPhase;
			buildActionMask = 2147483647;
			files = (
			);
			inputFileListPaths = (
			);
			inputPaths = (
				"${PODS_PODFILE_DIR_PATH}/Podfile.lock",
				"${PODS_ROOT}/Manifest.lock",
			);
			name = "[CP] Check Pods Manifest.lock";
			outputFileListPaths = (
			);
			outputPaths = (
				"$(DERIVED_FILE_DIR)/Pods-ContactsApp-checkManifestLockResult.txt",
			);
			runOnlyForDeploymentPostprocessing = 0;
			shellPath = /bin/sh;
			shellScript = "diff \"${PODS_PODFILE_DIR_PATH}/Podfile.lock\" \"${PODS_ROOT}/Manifest.lock\" > /dev/null\nif [ $? != 0 ] ; then\n    # print error to STDERR\n    echo \"error: The sandbox is not in sync with the Podfile.lock. Run 'pod install' or update your CocoaPods installation.\" >&2\n    exit 1\nfi\n# This output is used by Xcode 'outputs' to avoid re-running this script phase.\necho \"SUCCESS\" > \"${SCRIPT_OUTPUT_FILE_0}\"\n";
			showEnvVarsInLog = 0;
		};
		5D53EE29077A5F58CB4FC8BF /* [CP] Embed Pods Frameworks */ = {
			isa = PBXShellScriptBuildPhase;
			buildActionMask = 2147483647;
			files = (
			);
			inputFileListPaths = (
				"${PODS_ROOT}/Target Support Files/Pods-ContactsAppTests/Pods-ContactsAppTests-frameworks-${CONFIGURATION}-input-files.xcfilelist",
			);
			name = "[CP] Embed Pods Frameworks";
			outputFileListPaths = (
				"${PODS_ROOT}/Target Support Files/Pods-ContactsAppTests/Pods-ContactsAppTests-frameworks-${CONFIGURATION}-output-files.xcfilelist",
			);
			runOnlyForDeploymentPostprocessing = 0;
			shellPath = /bin/sh;
			shellScript = "\"${PODS_ROOT}/Target Support Files/Pods-ContactsAppTests/Pods-ContactsAppTests-frameworks.sh\"\n";
			showEnvVarsInLog = 0;
		};
		B28710D175A9C9924D8F07C7 /* [CP] Embed Pods Frameworks */ = {
			isa = PBXShellScriptBuildPhase;
			buildActionMask = 2147483647;
			files = (
			);
			inputFileListPaths = (
				"${PODS_ROOT}/Target Support Files/Pods-ContactsApp/Pods-ContactsApp-frameworks-${CONFIGURATION}-input-files.xcfilelist",
			);
			name = "[CP] Embed Pods Frameworks";
			outputFileListPaths = (
				"${PODS_ROOT}/Target Support Files/Pods-ContactsApp/Pods-ContactsApp-frameworks-${CONFIGURATION}-output-files.xcfilelist",
			);
			runOnlyForDeploymentPostprocessing = 0;
			shellPath = /bin/sh;
			shellScript = "\"${PODS_ROOT}/Target Support Files/Pods-ContactsApp/Pods-ContactsApp-frameworks.sh\"\n";
			showEnvVarsInLog = 0;
		};
		B96FE695252BEFEBEE20A324 /* [CP] Check Pods Manifest.lock */ = {
			isa = PBXShellScriptBuildPhase;
			buildActionMask = 2147483647;
			files = (
			);
			inputFileListPaths = (
			);
			inputPaths = (
				"${PODS_PODFILE_DIR_PATH}/Podfile.lock",
				"${PODS_ROOT}/Manifest.lock",
			);
			name = "[CP] Check Pods Manifest.lock";
			outputFileListPaths = (
			);
			outputPaths = (
				"$(DERIVED_FILE_DIR)/Pods-ContactsAppTests-checkManifestLockResult.txt",
			);
			runOnlyForDeploymentPostprocessing = 0;
			shellPath = /bin/sh;
			shellScript = "diff \"${PODS_PODFILE_DIR_PATH}/Podfile.lock\" \"${PODS_ROOT}/Manifest.lock\" > /dev/null\nif [ $? != 0 ] ; then\n    # print error to STDERR\n    echo \"error: The sandbox is not in sync with the Podfile.lock. Run 'pod install' or update your CocoaPods installation.\" >&2\n    exit 1\nfi\n# This output is used by Xcode 'outputs' to avoid re-running this script phase.\necho \"SUCCESS\" > \"${SCRIPT_OUTPUT_FILE_0}\"\n";
			showEnvVarsInLog = 0;
		};
/* End PBXShellScriptBuildPhase section */

/* Begin PBXSourcesBuildPhase section */
		2EC643B224F5A74100EB1F46 /* Sources */ = {
			isa = PBXSourcesBuildPhase;
			buildActionMask = 2147483647;
			files = (
				2EC643F124F5A8EA00EB1F46 /* InitialViewController.swift in Sources */,
				2EC643EA24F5A82200EB1F46 /* ContactDetailViewController.swift in Sources */,
				2EC643FE24F60E8D00EB1F46 /* ContactGroup.swift in Sources */,
				2EC6440524F614EC00EB1F46 /* ContactListItemCell.swift in Sources */,
				2EC643F724F5B5C100EB1F46 /* PermissionsManager.swift in Sources */,
				2EC643ED24F5A83600EB1F46 /* ContactPermissionViewController.swift in Sources */,
				2EC643FB24F5B60F00EB1F46 /* ContactDetail.swift in Sources */,
				2EC643BA24F5A74100EB1F46 /* AppDelegate.swift in Sources */,
				2EC643E724F5A81600EB1F46 /* ContactsListViewController.swift in Sources */,
				2EC6440224F6129400EB1F46 /* ContactSortType.swift in Sources */,
				2EC643BC24F5A74100EB1F46 /* SceneDelegate.swift in Sources */,
				2EC643F424F5B5A300EB1F46 /* ContactsManager.swift in Sources */,
			);
			runOnlyForDeploymentPostprocessing = 0;
		};
		2EC643C824F5A74300EB1F46 /* Sources */ = {
			isa = PBXSourcesBuildPhase;
			buildActionMask = 2147483647;
			files = (
				2EC643F224F5A8EA00EB1F46 /* InitialViewController.swift in Sources */,
				2EC643F824F5B5C100EB1F46 /* PermissionsManager.swift in Sources */,
				2EC643EE24F5A83600EB1F46 /* ContactPermissionViewController.swift in Sources */,
				2EC643E824F5A81600EB1F46 /* ContactsListViewController.swift in Sources */,
				2EC643FF24F60E8D00EB1F46 /* ContactGroup.swift in Sources */,
				2EC643EB24F5A82200EB1F46 /* ContactDetailViewController.swift in Sources */,
				2EC6440624F614EC00EB1F46 /* ContactListItemCell.swift in Sources */,
				2EC643FC24F5B60F00EB1F46 /* ContactDetail.swift in Sources */,
				2EC643F524F5B5A300EB1F46 /* ContactsManager.swift in Sources */,
				2EC6440324F6129400EB1F46 /* ContactSortType.swift in Sources */,
				2EC643D124F5A74300EB1F46 /* ContactsAppTests.swift in Sources */,
			);
			runOnlyForDeploymentPostprocessing = 0;
		};
/* End PBXSourcesBuildPhase section */

/* Begin PBXTargetDependency section */
		2EC643CE24F5A74300EB1F46 /* PBXTargetDependency */ = {
			isa = PBXTargetDependency;
			target = 2EC643B524F5A74100EB1F46 /* ContactsApp */;
			targetProxy = 2EC643CD24F5A74300EB1F46 /* PBXContainerItemProxy */;
		};
/* End PBXTargetDependency section */

/* Begin PBXVariantGroup section */
		2EC643BF24F5A74100EB1F46 /* Main.storyboard */ = {
			isa = PBXVariantGroup;
			children = (
				2EC643C024F5A74100EB1F46 /* Base */,
			);
			name = Main.storyboard;
			sourceTree = "<group>";
		};
		2EC643C424F5A74200EB1F46 /* LaunchScreen.storyboard */ = {
			isa = PBXVariantGroup;
			children = (
				2EC643C524F5A74200EB1F46 /* Base */,
			);
			name = LaunchScreen.storyboard;
			sourceTree = "<group>";
		};
/* End PBXVariantGroup section */

/* Begin XCBuildConfiguration section */
		2EC643D324F5A74300EB1F46 /* Debug */ = {
			isa = XCBuildConfiguration;
			buildSettings = {
				ALWAYS_SEARCH_USER_PATHS = NO;
				CLANG_ANALYZER_NONNULL = YES;
				CLANG_ANALYZER_NUMBER_OBJECT_CONVERSION = YES_AGGRESSIVE;
				CLANG_CXX_LANGUAGE_STANDARD = "gnu++14";
				CLANG_CXX_LIBRARY = "libc++";
				CLANG_ENABLE_MODULES = YES;
				CLANG_ENABLE_OBJC_ARC = YES;
				CLANG_ENABLE_OBJC_WEAK = YES;
				CLANG_WARN_BLOCK_CAPTURE_AUTORELEASING = YES;
				CLANG_WARN_BOOL_CONVERSION = YES;
				CLANG_WARN_COMMA = YES;
				CLANG_WARN_CONSTANT_CONVERSION = YES;
				CLANG_WARN_DEPRECATED_OBJC_IMPLEMENTATIONS = YES;
				CLANG_WARN_DIRECT_OBJC_ISA_USAGE = YES_ERROR;
				CLANG_WARN_DOCUMENTATION_COMMENTS = YES;
				CLANG_WARN_EMPTY_BODY = YES;
				CLANG_WARN_ENUM_CONVERSION = YES;
				CLANG_WARN_INFINITE_RECURSION = YES;
				CLANG_WARN_INT_CONVERSION = YES;
				CLANG_WARN_NON_LITERAL_NULL_CONVERSION = YES;
				CLANG_WARN_OBJC_IMPLICIT_RETAIN_SELF = YES;
				CLANG_WARN_OBJC_LITERAL_CONVERSION = YES;
				CLANG_WARN_OBJC_ROOT_CLASS = YES_ERROR;
				CLANG_WARN_RANGE_LOOP_ANALYSIS = YES;
				CLANG_WARN_STRICT_PROTOTYPES = YES;
				CLANG_WARN_SUSPICIOUS_MOVE = YES;
				CLANG_WARN_UNGUARDED_AVAILABILITY = YES_AGGRESSIVE;
				CLANG_WARN_UNREACHABLE_CODE = YES;
				CLANG_WARN__DUPLICATE_METHOD_MATCH = YES;
				COPY_PHASE_STRIP = NO;
				DEBUG_INFORMATION_FORMAT = dwarf;
				ENABLE_STRICT_OBJC_MSGSEND = YES;
				ENABLE_TESTABILITY = YES;
				GCC_C_LANGUAGE_STANDARD = gnu11;
				GCC_DYNAMIC_NO_PIC = NO;
				GCC_NO_COMMON_BLOCKS = YES;
				GCC_OPTIMIZATION_LEVEL = 0;
				GCC_PREPROCESSOR_DEFINITIONS = (
					"DEBUG=1",
					"$(inherited)",
				);
				GCC_WARN_64_TO_32_BIT_CONVERSION = YES;
				GCC_WARN_ABOUT_RETURN_TYPE = YES_ERROR;
				GCC_WARN_UNDECLARED_SELECTOR = YES;
				GCC_WARN_UNINITIALIZED_AUTOS = YES_AGGRESSIVE;
				GCC_WARN_UNUSED_FUNCTION = YES;
				GCC_WARN_UNUSED_VARIABLE = YES;
				IPHONEOS_DEPLOYMENT_TARGET = 13.0;
				MTL_ENABLE_DEBUG_INFO = INCLUDE_SOURCE;
				MTL_FAST_MATH = YES;
				ONLY_ACTIVE_ARCH = YES;
				SDKROOT = iphoneos;
				SWIFT_ACTIVE_COMPILATION_CONDITIONS = DEBUG;
				SWIFT_OPTIMIZATION_LEVEL = "-Onone";
			};
			name = Debug;
		};
		2EC643D424F5A74300EB1F46 /* Release */ = {
			isa = XCBuildConfiguration;
			buildSettings = {
				ALWAYS_SEARCH_USER_PATHS = NO;
				CLANG_ANALYZER_NONNULL = YES;
				CLANG_ANALYZER_NUMBER_OBJECT_CONVERSION = YES_AGGRESSIVE;
				CLANG_CXX_LANGUAGE_STANDARD = "gnu++14";
				CLANG_CXX_LIBRARY = "libc++";
				CLANG_ENABLE_MODULES = YES;
				CLANG_ENABLE_OBJC_ARC = YES;
				CLANG_ENABLE_OBJC_WEAK = YES;
				CLANG_WARN_BLOCK_CAPTURE_AUTORELEASING = YES;
				CLANG_WARN_BOOL_CONVERSION = YES;
				CLANG_WARN_COMMA = YES;
				CLANG_WARN_CONSTANT_CONVERSION = YES;
				CLANG_WARN_DEPRECATED_OBJC_IMPLEMENTATIONS = YES;
				CLANG_WARN_DIRECT_OBJC_ISA_USAGE = YES_ERROR;
				CLANG_WARN_DOCUMENTATION_COMMENTS = YES;
				CLANG_WARN_EMPTY_BODY = YES;
				CLANG_WARN_ENUM_CONVERSION = YES;
				CLANG_WARN_INFINITE_RECURSION = YES;
				CLANG_WARN_INT_CONVERSION = YES;
				CLANG_WARN_NON_LITERAL_NULL_CONVERSION = YES;
				CLANG_WARN_OBJC_IMPLICIT_RETAIN_SELF = YES;
				CLANG_WARN_OBJC_LITERAL_CONVERSION = YES;
				CLANG_WARN_OBJC_ROOT_CLASS = YES_ERROR;
				CLANG_WARN_RANGE_LOOP_ANALYSIS = YES;
				CLANG_WARN_STRICT_PROTOTYPES = YES;
				CLANG_WARN_SUSPICIOUS_MOVE = YES;
				CLANG_WARN_UNGUARDED_AVAILABILITY = YES_AGGRESSIVE;
				CLANG_WARN_UNREACHABLE_CODE = YES;
				CLANG_WARN__DUPLICATE_METHOD_MATCH = YES;
				COPY_PHASE_STRIP = NO;
				DEBUG_INFORMATION_FORMAT = "dwarf-with-dsym";
				ENABLE_NS_ASSERTIONS = NO;
				ENABLE_STRICT_OBJC_MSGSEND = YES;
				GCC_C_LANGUAGE_STANDARD = gnu11;
				GCC_NO_COMMON_BLOCKS = YES;
				GCC_WARN_64_TO_32_BIT_CONVERSION = YES;
				GCC_WARN_ABOUT_RETURN_TYPE = YES_ERROR;
				GCC_WARN_UNDECLARED_SELECTOR = YES;
				GCC_WARN_UNINITIALIZED_AUTOS = YES_AGGRESSIVE;
				GCC_WARN_UNUSED_FUNCTION = YES;
				GCC_WARN_UNUSED_VARIABLE = YES;
				IPHONEOS_DEPLOYMENT_TARGET = 13.0;
				MTL_ENABLE_DEBUG_INFO = NO;
				MTL_FAST_MATH = YES;
				SDKROOT = iphoneos;
				SWIFT_COMPILATION_MODE = wholemodule;
				SWIFT_OPTIMIZATION_LEVEL = "-O";
				VALIDATE_PRODUCT = YES;
			};
			name = Release;
		};
		2EC643D624F5A74300EB1F46 /* Debug */ = {
			isa = XCBuildConfiguration;
			baseConfigurationReference = 084A5505079660883E56657B /* Pods-ContactsApp.debug.xcconfig */;
			buildSettings = {
				ASSETCATALOG_COMPILER_APPICON_NAME = AppIcon;
				CODE_SIGN_STYLE = Automatic;
				INFOPLIST_FILE = "$(SRCROOT)/ContactsApp/SupportingFiles/Info.plist";
				IPHONEOS_DEPLOYMENT_TARGET = 13.0;
				LD_RUNPATH_SEARCH_PATHS = (
					"$(inherited)",
					"@executable_path/Frameworks",
				);
				PRODUCT_BUNDLE_IDENTIFIER = indie.ContactsApp;
				PRODUCT_NAME = "$(TARGET_NAME)";
				SWIFT_VERSION = 5.0;
				TARGETED_DEVICE_FAMILY = "1,2";
			};
			name = Debug;
		};
		2EC643D724F5A74300EB1F46 /* Release */ = {
			isa = XCBuildConfiguration;
			baseConfigurationReference = 21F815EBDD9B4D2E4B010F47 /* Pods-ContactsApp.release.xcconfig */;
			buildSettings = {
				ASSETCATALOG_COMPILER_APPICON_NAME = AppIcon;
				CODE_SIGN_STYLE = Automatic;
				INFOPLIST_FILE = "$(SRCROOT)/ContactsApp/SupportingFiles/Info.plist";
				IPHONEOS_DEPLOYMENT_TARGET = 13.0;
				LD_RUNPATH_SEARCH_PATHS = (
					"$(inherited)",
					"@executable_path/Frameworks",
				);
				PRODUCT_BUNDLE_IDENTIFIER = indie.ContactsApp;
				PRODUCT_NAME = "$(TARGET_NAME)";
				SWIFT_VERSION = 5.0;
				TARGETED_DEVICE_FAMILY = "1,2";
			};
			name = Release;
		};
		2EC643D924F5A74300EB1F46 /* Debug */ = {
			isa = XCBuildConfiguration;
			baseConfigurationReference = 8529880078216A2095DFFE52 /* Pods-ContactsAppTests.debug.xcconfig */;
			buildSettings = {
				ALWAYS_EMBED_SWIFT_STANDARD_LIBRARIES = YES;
				BUNDLE_LOADER = "$(TEST_HOST)";
				CODE_SIGN_STYLE = Automatic;
				INFOPLIST_FILE = ContactsAppTests/Info.plist;
				IPHONEOS_DEPLOYMENT_TARGET = 13.5;
				LD_RUNPATH_SEARCH_PATHS = (
					"$(inherited)",
					"@executable_path/Frameworks",
					"@loader_path/Frameworks",
				);
				PRODUCT_BUNDLE_IDENTIFIER = indie.ContactsAppTests;
				PRODUCT_NAME = "$(TARGET_NAME)";
				SWIFT_VERSION = 5.0;
				TARGETED_DEVICE_FAMILY = "1,2";
				TEST_HOST = "$(BUILT_PRODUCTS_DIR)/ContactsApp.app/ContactsApp";
			};
			name = Debug;
		};
		2EC643DA24F5A74300EB1F46 /* Release */ = {
			isa = XCBuildConfiguration;
			baseConfigurationReference = 09792B0C11E3E11517C5E5CD /* Pods-ContactsAppTests.release.xcconfig */;
			buildSettings = {
				ALWAYS_EMBED_SWIFT_STANDARD_LIBRARIES = YES;
				BUNDLE_LOADER = "$(TEST_HOST)";
				CODE_SIGN_STYLE = Automatic;
				INFOPLIST_FILE = ContactsAppTests/Info.plist;
				IPHONEOS_DEPLOYMENT_TARGET = 13.5;
				LD_RUNPATH_SEARCH_PATHS = (
					"$(inherited)",
					"@executable_path/Frameworks",
					"@loader_path/Frameworks",
				);
				PRODUCT_BUNDLE_IDENTIFIER = indie.ContactsAppTests;
				PRODUCT_NAME = "$(TARGET_NAME)";
				SWIFT_VERSION = 5.0;
				TARGETED_DEVICE_FAMILY = "1,2";
				TEST_HOST = "$(BUILT_PRODUCTS_DIR)/ContactsApp.app/ContactsApp";
			};
			name = Release;
		};
/* End XCBuildConfiguration section */

/* Begin XCConfigurationList section */
		2EC643B124F5A74100EB1F46 /* Build configuration list for PBXProject "ContactsApp" */ = {
			isa = XCConfigurationList;
			buildConfigurations = (
				2EC643D324F5A74300EB1F46 /* Debug */,
				2EC643D424F5A74300EB1F46 /* Release */,
			);
			defaultConfigurationIsVisible = 0;
			defaultConfigurationName = Release;
		};
		2EC643D524F5A74300EB1F46 /* Build configuration list for PBXNativeTarget "ContactsApp" */ = {
			isa = XCConfigurationList;
			buildConfigurations = (
				2EC643D624F5A74300EB1F46 /* Debug */,
				2EC643D724F5A74300EB1F46 /* Release */,
			);
			defaultConfigurationIsVisible = 0;
			defaultConfigurationName = Release;
		};
		2EC643D824F5A74300EB1F46 /* Build configuration list for PBXNativeTarget "ContactsAppTests" */ = {
			isa = XCConfigurationList;
			buildConfigurations = (
				2EC643D924F5A74300EB1F46 /* Debug */,
				2EC643DA24F5A74300EB1F46 /* Release */,
			);
			defaultConfigurationIsVisible = 0;
			defaultConfigurationName = Release;
		};
/* End XCConfigurationList section */
	};
	rootObject = 2EC643AE24F5A74100EB1F46 /* Project object */;
}
